
Microsoft Visual Studio Solution File, Format Version 12.00
# Visual Studio Version 17
VisualStudioVersion = 17.6.33815.320
MinimumVisualStudioVersion = 10.0.40219.1
Project("{FAE04EC0-301F-11D3-BF4B-00C04F79EFBC}") = "GoogleMaterialSymbols", "GoogleMaterialSymbols\GoogleMaterialSymbols.csproj", "{EC94E830-3728-4055-BBAF-7AB93330B279}"
EndProject
Global
	GlobalSection(SolutionConfigurationPlatforms) = preSolution
		Debug|Any CPU = Debug|Any CPU
		Release|Any CPU = Release|Any CPU
	EndGlobalSection
	GlobalSection(ProjectConfigurationPlatforms) = postSolution
		{EC94E830-3728-4055-BBAF-7AB93330B279}.Debug|Any CPU.ActiveCfg = Debug|Any CPU
		{EC94E830-3728-4055-BBAF-7AB93330B279}.Debug|Any CPU.Build.0 = Debug|Any CPU
		{EC94E830-3728-4055-BBAF-7AB93330B279}.Release|Any CPU.ActiveCfg = Release|Any CPU
		{EC94E830-3728-4055-BBAF-7AB93330B279}.Release|Any CPU.Build.0 = Release|Any CPU
	EndGlobalSection
	GlobalSection(SolutionProperties) = preSolution
		HideSolutionNode = FALSE
	EndGlobalSection
	GlobalSection(ExtensibilityGlobals) = postSolution
		SolutionGuid = {392F0B5A-BB02-4599-80D9-CD92EF028293}
	EndGlobalSection
EndGlobal
